
Microsoft Visual Studio Solution File, Format Version 12.00
# Visual Studio Version 17
VisualStudioVersion = 17.14.36511.14
MinimumVisualStudioVersion = 10.0.40219.1
Project("{FAE04EC0-301F-11D3-BF4B-00C04F79EFBC}") = "PmtAdmin.Domain", "PmtAdmin.Domain\PmtAdmin.Domain.csproj", "{9ABD11B1-C73F-4391-9F21-E41F73FBFBAD}"
EndProject
Project("{FAE04EC0-301F-11D3-BF4B-00C04F79EFBC}") = "PmtAdmin.Application", "PmtAdmin.Application\PmtAdmin.Application.csproj", "{CA445B6D-D901-447C-A140-AE08B8817A02}"
EndProject
Project("{FAE04EC0-301F-11D3-BF4B-00C04F79EFBC}") = "PmtAdmin.Infrastructure", "PmtAdmin.Infrastructure\PmtAdmin.Infrastructure.csproj", "{65B42A82-A3DF-449A-8624-E2470FAF02E5}"
EndProject
Project("{FAE04EC0-301F-11D3-BF4B-00C04F79EFBC}") = "PmtAdmin.Api", "PmtAdmin.Api\PmtAdmin.Api.csproj", "{042DBBCC-9A29-4B7F-8305-63E3E10AAAB1}"
EndProject
Project("{FAE04EC0-301F-11D3-BF4B-00C04F79EFBC}") = "Pmt_Admin.Test", "Pmt_Admin.Test\Pmt_Admin.Test.csproj", "{8B085CF7-5359-4D97-AABC-187D4F325F7A}"
EndProject
Global
	GlobalSection(SolutionConfigurationPlatforms) = preSolution
		Debug|Any CPU = Debug|Any CPU
		Release|Any CPU = Release|Any CPU
	EndGlobalSection
	GlobalSection(ProjectConfigurationPlatforms) = postSolution
		{9ABD11B1-C73F-4391-9F21-E41F73FBFBAD}.Debug|Any CPU.ActiveCfg = Debug|Any CPU
		{9ABD11B1-C73F-4391-9F21-E41F73FBFBAD}.Debug|Any CPU.Build.0 = Debug|Any CPU
		{9ABD11B1-C73F-4391-9F21-E41F73FBFBAD}.Release|Any CPU.ActiveCfg = Release|Any CPU
		{9ABD11B1-C73F-4391-9F21-E41F73FBFBAD}.Release|Any CPU.Build.0 = Release|Any CPU
		{CA445B6D-D901-447C-A140-AE08B8817A02}.Debug|Any CPU.ActiveCfg = Debug|Any CPU
		{CA445B6D-D901-447C-A140-AE08B8817A02}.Debug|Any CPU.Build.0 = Debug|Any CPU
		{CA445B6D-D901-447C-A140-AE08B8817A02}.Release|Any CPU.ActiveCfg = Release|Any CPU
		{CA445B6D-D901-447C-A140-AE08B8817A02}.Release|Any CPU.Build.0 = Release|Any CPU
		{65B42A82-A3DF-449A-8624-E2470FAF02E5}.Debug|Any CPU.ActiveCfg = Debug|Any CPU
		{65B42A82-A3DF-449A-8624-E2470FAF02E5}.Debug|Any CPU.Build.0 = Debug|Any CPU
		{65B42A82-A3DF-449A-8624-E2470FAF02E5}.Release|Any CPU.ActiveCfg = Release|Any CPU
		{65B42A82-A3DF-449A-8624-E2470FAF02E5}.Release|Any CPU.Build.0 = Release|Any CPU
		{042DBBCC-9A29-4B7F-8305-63E3E10AAAB1}.Debug|Any CPU.ActiveCfg = Debug|Any CPU
		{042DBBCC-9A29-4B7F-8305-63E3E10AAAB1}.Debug|Any CPU.Build.0 = Debug|Any CPU
		{042DBBCC-9A29-4B7F-8305-63E3E10AAAB1}.Release|Any CPU.ActiveCfg = Release|Any CPU
		{042DBBCC-9A29-4B7F-8305-63E3E10AAAB1}.Release|Any CPU.Build.0 = Release|Any CPU
		{8B085CF7-5359-4D97-AABC-187D4F325F7A}.Debug|Any CPU.ActiveCfg = Debug|Any CPU
		{8B085CF7-5359-4D97-AABC-187D4F325F7A}.Debug|Any CPU.Build.0 = Debug|Any CPU
		{8B085CF7-5359-4D97-AABC-187D4F325F7A}.Release|Any CPU.ActiveCfg = Release|Any CPU
		{8B085CF7-5359-4D97-AABC-187D4F325F7A}.Release|Any CPU.Build.0 = Release|Any CPU
	EndGlobalSection
	GlobalSection(SolutionProperties) = preSolution
		HideSolutionNode = FALSE
	EndGlobalSection
	GlobalSection(ExtensibilityGlobals) = postSolution
		SolutionGuid = {60C74854-1B44-4073-BE78-7971CF623919}
	EndGlobalSection
EndGlobal
